
Microsoft Visual Studio Solution File, Format Version 12.00
# Visual Studio for Mac
Project("{FAE04EC0-301F-11D3-BF4B-00C04F79EFBC}") = "Assembly-CSharp", "Assembly-CSharp.csproj", "{AA69F9FC-476E-9947-A73A-72422275B941}"
<<<<<<< HEAD
=======
=======
<<<<<<< HEAD
# Visual Studio for Mac
Project("{FAE04EC0-301F-11D3-BF4B-00C04F79EFBC}") = "Assembly-CSharp", "Assembly-CSharp.csproj", "{AA69F9FC-476E-9947-A73A-72422275B941}"
=======
# Visual Studio 15
Project("{FAE04EC0-301F-11D3-BF4B-00C04F79EFBC}") = "Kirsty-and-Co-V6", "Assembly-CSharp.csproj", "{AA69F9FC-476E-9947-A73A-72422275B941}"
>>>>>>> b1d0ec5480d3670f2acf0f4c84a521acd76c374b
>>>>>>> 61bedbac9883cbc788fe44a73e5342bb42a89619
>>>>>>> 1c465ace4bdf05f98c3cac8a867eed0ba1cef389
EndProject
Global
	GlobalSection(SolutionConfigurationPlatforms) = preSolution
		Debug|Any CPU = Debug|Any CPU
		Release|Any CPU = Release|Any CPU
	EndGlobalSection
	GlobalSection(ProjectConfigurationPlatforms) = postSolution
		{AA69F9FC-476E-9947-A73A-72422275B941}.Debug|Any CPU.ActiveCfg = Debug|Any CPU
		{AA69F9FC-476E-9947-A73A-72422275B941}.Debug|Any CPU.Build.0 = Debug|Any CPU
		{AA69F9FC-476E-9947-A73A-72422275B941}.Release|Any CPU.ActiveCfg = Release|Any CPU
		{AA69F9FC-476E-9947-A73A-72422275B941}.Release|Any CPU.Build.0 = Release|Any CPU
	EndGlobalSection
	GlobalSection(SolutionProperties) = preSolution
		HideSolutionNode = FALSE
	EndGlobalSection
EndGlobal
